
Microsoft Visual Studio Solution File, Format Version 12.00
# Visual Studio Version 16
VisualStudioVersion = 16.0.29102.190
MinimumVisualStudioVersion = 10.0.40219.1
Project("{FAE04EC0-301F-11D3-BF4B-00C04F79EFBC}") = "Caliburn.Demo1", "Caliburn.Demo1\Caliburn.Demo1.csproj", "{C779DCE3-0515-4A3B-B93E-A9BA44B7ABEF}"
EndProject
Project("{FAE04EC0-301F-11D3-BF4B-00C04F79EFBC}") = "Wpf11.Template", "Wpf.Template\Wpf11.Template.csproj", "{1B03E0A6-23F8-4644-ADF2-B6D22C7037A2}"
EndProject
Global
	GlobalSection(SolutionConfigurationPlatforms) = preSolution
		Debug|Any CPU = Debug|Any CPU
		Release|Any CPU = Release|Any CPU
	EndGlobalSection
	GlobalSection(ProjectConfigurationPlatforms) = postSolution
		{C779DCE3-0515-4A3B-B93E-A9BA44B7ABEF}.Debug|Any CPU.ActiveCfg = Debug|Any CPU
		{C779DCE3-0515-4A3B-B93E-A9BA44B7ABEF}.Debug|Any CPU.Build.0 = Debug|Any CPU
		{C779DCE3-0515-4A3B-B93E-A9BA44B7ABEF}.Release|Any CPU.ActiveCfg = Release|Any CPU
		{C779DCE3-0515-4A3B-B93E-A9BA44B7ABEF}.Release|Any CPU.Build.0 = Release|Any CPU
		{1B03E0A6-23F8-4644-ADF2-B6D22C7037A2}.Debug|Any CPU.ActiveCfg = Debug|Any CPU
		{1B03E0A6-23F8-4644-ADF2-B6D22C7037A2}.Debug|Any CPU.Build.0 = Debug|Any CPU
		{1B03E0A6-23F8-4644-ADF2-B6D22C7037A2}.Release|Any CPU.ActiveCfg = Release|Any CPU
		{1B03E0A6-23F8-4644-ADF2-B6D22C7037A2}.Release|Any CPU.Build.0 = Release|Any CPU
	EndGlobalSection
	GlobalSection(SolutionProperties) = preSolution
		HideSolutionNode = FALSE
	EndGlobalSection
	GlobalSection(ExtensibilityGlobals) = postSolution
		SolutionGuid = {A96C2AC9-38DC-4187-8687-67D7EFDCCA50}
	EndGlobalSection
EndGlobal
